
Microsoft Visual Studio Solution File, Format Version 12.00
# Visual Studio Version 17
VisualStudioVersion = 17.0.31423.177
MinimumVisualStudioVersion = 10.0.40219.1
Project("{8BC9CEB8-8B4A-11D0-8D11-00A0C91BC942}") = "cdx", "cdx\cdx.vcxproj", "{74BE92FA-0EF3-4FB7-A522-ACAFE1D385CC}"
EndProject
Project("{FAE04EC0-301F-11D3-BF4B-00C04F79EFBC}") = "Apex", "Apex\Apex.csproj", "{26302907-8BE5-4422-8B41-B572EF046BE2}"
	ProjectSection(ProjectDependencies) = postProject
		{EDEEBD18-521A-4CDB-BDB5-D2143D00CEFF} = {EDEEBD18-521A-4CDB-BDB5-D2143D00CEFF}
		{74BE92FA-0EF3-4FB7-A522-ACAFE1D385CC} = {74BE92FA-0EF3-4FB7-A522-ACAFE1D385CC}
	EndProjectSection
EndProject
Project("{8BC9CEB8-8B4A-11D0-8D11-00A0C91BC942}") = "csg", "csg\csg.vcxproj", "{EDEEBD18-521A-4CDB-BDB5-D2143D00CEFF}"
EndProject
Project("{FAE04EC0-301F-11D3-BF4B-00C04F79EFBC}") = "cde", "cde\cde.csproj", "{F1C95B14-95A1-4A0F-86CD-7147EBFD2345}"
EndProject
Project("{E24C65DC-7377-472B-9ABA-BC803B73C61A}") = "docs", "docs\", "{5C1D1BBB-122C-4FC6-8890-C469E8F76082}"
	ProjectSection(WebsiteProperties) = preProject
		TargetFrameworkMoniker = ".NETFramework,Version%3Dv4.0"
		Debug.AspNetCompiler.VirtualPath = "/localhost_61137"
		Debug.AspNetCompiler.PhysicalPath = "docs\"
		Debug.AspNetCompiler.TargetPath = "PrecompiledWeb\localhost_61137\"
		Debug.AspNetCompiler.Updateable = "true"
		Debug.AspNetCompiler.ForceOverwrite = "true"
		Debug.AspNetCompiler.FixedNames = "false"
		Debug.AspNetCompiler.Debug = "True"
		Release.AspNetCompiler.VirtualPath = "/localhost_61137"
		Release.AspNetCompiler.PhysicalPath = "docs\"
		Release.AspNetCompiler.TargetPath = "PrecompiledWeb\localhost_61137\"
		Release.AspNetCompiler.Updateable = "true"
		Release.AspNetCompiler.ForceOverwrite = "true"
		Release.AspNetCompiler.FixedNames = "false"
		Release.AspNetCompiler.Debug = "False"
		VWDPort = "61137"
		SlnRelativePath = "docs\"
	EndProjectSection
EndProject
Global
	GlobalSection(SolutionConfigurationPlatforms) = preSolution
		Debug|Any CPU = Debug|Any CPU
		Debug|x64 = Debug|x64
		Debug|x86 = Debug|x86
		Release|Any CPU = Release|Any CPU
		Release|x64 = Release|x64
		Release|x86 = Release|x86
	EndGlobalSection
	GlobalSection(ProjectConfigurationPlatforms) = postSolution
		{74BE92FA-0EF3-4FB7-A522-ACAFE1D385CC}.Debug|Any CPU.ActiveCfg = Release|Win32
		{74BE92FA-0EF3-4FB7-A522-ACAFE1D385CC}.Debug|Any CPU.Build.0 = Release|Win32
		{74BE92FA-0EF3-4FB7-A522-ACAFE1D385CC}.Debug|x64.ActiveCfg = Release|x64
		{74BE92FA-0EF3-4FB7-A522-ACAFE1D385CC}.Debug|x64.Build.0 = Release|x64
		{74BE92FA-0EF3-4FB7-A522-ACAFE1D385CC}.Debug|x86.ActiveCfg = Debug|Win32
		{74BE92FA-0EF3-4FB7-A522-ACAFE1D385CC}.Debug|x86.Build.0 = Debug|Win32
		{74BE92FA-0EF3-4FB7-A522-ACAFE1D385CC}.Release|Any CPU.ActiveCfg = Release|Win32
		{74BE92FA-0EF3-4FB7-A522-ACAFE1D385CC}.Release|Any CPU.Build.0 = Release|Win32
		{74BE92FA-0EF3-4FB7-A522-ACAFE1D385CC}.Release|x64.ActiveCfg = Release|x64
		{74BE92FA-0EF3-4FB7-A522-ACAFE1D385CC}.Release|x64.Build.0 = Release|x64
		{74BE92FA-0EF3-4FB7-A522-ACAFE1D385CC}.Release|x86.ActiveCfg = Release|Win32
		{74BE92FA-0EF3-4FB7-A522-ACAFE1D385CC}.Release|x86.Build.0 = Release|Win32
		{26302907-8BE5-4422-8B41-B572EF046BE2}.Debug|Any CPU.ActiveCfg = Debug|Any CPU
		{26302907-8BE5-4422-8B41-B572EF046BE2}.Debug|Any CPU.Build.0 = Debug|Any CPU
		{26302907-8BE5-4422-8B41-B572EF046BE2}.Debug|x64.ActiveCfg = Debug|Any CPU
		{26302907-8BE5-4422-8B41-B572EF046BE2}.Debug|x64.Build.0 = Debug|Any CPU
		{26302907-8BE5-4422-8B41-B572EF046BE2}.Debug|x86.ActiveCfg = Debug|Any CPU
		{26302907-8BE5-4422-8B41-B572EF046BE2}.Debug|x86.Build.0 = Debug|Any CPU
		{26302907-8BE5-4422-8B41-B572EF046BE2}.Release|Any CPU.ActiveCfg = Release|Any CPU
		{26302907-8BE5-4422-8B41-B572EF046BE2}.Release|Any CPU.Build.0 = Release|Any CPU
		{26302907-8BE5-4422-8B41-B572EF046BE2}.Release|x64.ActiveCfg = Release|Any CPU
		{26302907-8BE5-4422-8B41-B572EF046BE2}.Release|x64.Build.0 = Release|Any CPU
		{26302907-8BE5-4422-8B41-B572EF046BE2}.Release|x86.ActiveCfg = Release|Any CPU
		{26302907-8BE5-4422-8B41-B572EF046BE2}.Release|x86.Build.0 = Release|Any CPU
		{EDEEBD18-521A-4CDB-BDB5-D2143D00CEFF}.Debug|Any CPU.ActiveCfg = Release|Win32
		{EDEEBD18-521A-4CDB-BDB5-D2143D00CEFF}.Debug|Any CPU.Build.0 = Release|Win32
		{EDEEBD18-521A-4CDB-BDB5-D2143D00CEFF}.Debug|x64.ActiveCfg = Release|x64
		{EDEEBD18-521A-4CDB-BDB5-D2143D00CEFF}.Debug|x64.Build.0 = Release|x64
		{EDEEBD18-521A-4CDB-BDB5-D2143D00CEFF}.Debug|x86.ActiveCfg = Debug|Win32
		{EDEEBD18-521A-4CDB-BDB5-D2143D00CEFF}.Debug|x86.Build.0 = Debug|Win32
		{EDEEBD18-521A-4CDB-BDB5-D2143D00CEFF}.Release|Any CPU.ActiveCfg = Release|Win32
		{EDEEBD18-521A-4CDB-BDB5-D2143D00CEFF}.Release|Any CPU.Build.0 = Release|Win32
		{EDEEBD18-521A-4CDB-BDB5-D2143D00CEFF}.Release|x64.ActiveCfg = Release|x64
		{EDEEBD18-521A-4CDB-BDB5-D2143D00CEFF}.Release|x64.Build.0 = Release|x64
		{EDEEBD18-521A-4CDB-BDB5-D2143D00CEFF}.Release|x86.ActiveCfg = Release|Win32
		{EDEEBD18-521A-4CDB-BDB5-D2143D00CEFF}.Release|x86.Build.0 = Release|Win32
		{F1C95B14-95A1-4A0F-86CD-7147EBFD2345}.Debug|Any CPU.ActiveCfg = Debug|Any CPU
		{F1C95B14-95A1-4A0F-86CD-7147EBFD2345}.Debug|Any CPU.Build.0 = Debug|Any CPU
		{F1C95B14-95A1-4A0F-86CD-7147EBFD2345}.Debug|x64.ActiveCfg = Debug|Any CPU
		{F1C95B14-95A1-4A0F-86CD-7147EBFD2345}.Debug|x64.Build.0 = Debug|Any CPU
		{F1C95B14-95A1-4A0F-86CD-7147EBFD2345}.Debug|x86.ActiveCfg = Debug|Any CPU
		{F1C95B14-95A1-4A0F-86CD-7147EBFD2345}.Debug|x86.Build.0 = Debug|Any CPU
		{F1C95B14-95A1-4A0F-86CD-7147EBFD2345}.Release|Any CPU.ActiveCfg = Release|Any CPU
		{F1C95B14-95A1-4A0F-86CD-7147EBFD2345}.Release|Any CPU.Build.0 = Release|Any CPU
		{F1C95B14-95A1-4A0F-86CD-7147EBFD2345}.Release|x64.ActiveCfg = Release|Any CPU
		{F1C95B14-95A1-4A0F-86CD-7147EBFD2345}.Release|x64.Build.0 = Release|Any CPU
		{F1C95B14-95A1-4A0F-86CD-7147EBFD2345}.Release|x86.ActiveCfg = Release|Any CPU
		{F1C95B14-95A1-4A0F-86CD-7147EBFD2345}.Release|x86.Build.0 = Release|Any CPU
		{5C1D1BBB-122C-4FC6-8890-C469E8F76082}.Debug|Any CPU.ActiveCfg = Debug|Any CPU
		{5C1D1BBB-122C-4FC6-8890-C469E8F76082}.Debug|x64.ActiveCfg = Debug|Any CPU
		{5C1D1BBB-122C-4FC6-8890-C469E8F76082}.Debug|x86.ActiveCfg = Debug|Any CPU
		{5C1D1BBB-122C-4FC6-8890-C469E8F76082}.Debug|x86.Build.0 = Debug|Any CPU
		{5C1D1BBB-122C-4FC6-8890-C469E8F76082}.Release|Any CPU.ActiveCfg = Debug|Any CPU
		{5C1D1BBB-122C-4FC6-8890-C469E8F76082}.Release|Any CPU.Build.0 = Debug|Any CPU
		{5C1D1BBB-122C-4FC6-8890-C469E8F76082}.Release|x64.ActiveCfg = Debug|Any CPU
		{5C1D1BBB-122C-4FC6-8890-C469E8F76082}.Release|x64.Build.0 = Debug|Any CPU
		{5C1D1BBB-122C-4FC6-8890-C469E8F76082}.Release|x86.ActiveCfg = Debug|Any CPU
		{5C1D1BBB-122C-4FC6-8890-C469E8F76082}.Release|x86.Build.0 = Debug|Any CPU
	EndGlobalSection
	GlobalSection(SolutionProperties) = preSolution
		HideSolutionNode = FALSE
	EndGlobalSection
	GlobalSection(ExtensibilityGlobals) = postSolution
		SolutionGuid = {568B69AB-6366-4069-83D2-333D0D1435D2}
	EndGlobalSection
EndGlobal
